
Microsoft Visual Studio Solution File, Format Version 12.00
# Visual Studio Version 17
VisualStudioVersion = 17.1.32228.430
MinimumVisualStudioVersion = 10.0.40219.1
Project("{FAE04EC0-301F-11D3-BF4B-00C04F79EFBC}") = "MVCmasr", "MVCmasr\MVCmasr.csproj", "{997A07CF-6699-4156-8339-CEFD2160FFFA}"
EndProject
Global
	GlobalSection(SolutionConfigurationPlatforms) = preSolution
		Debug|Any CPU = Debug|Any CPU
		Release|Any CPU = Release|Any CPU
	EndGlobalSection
	GlobalSection(ProjectConfigurationPlatforms) = postSolution
		{997A07CF-6699-4156-8339-CEFD2160FFFA}.Debug|Any CPU.ActiveCfg = Debug|Any CPU
		{997A07CF-6699-4156-8339-CEFD2160FFFA}.Debug|Any CPU.Build.0 = Debug|Any CPU
		{997A07CF-6699-4156-8339-CEFD2160FFFA}.Release|Any CPU.ActiveCfg = Release|Any CPU
		{997A07CF-6699-4156-8339-CEFD2160FFFA}.Release|Any CPU.Build.0 = Release|Any CPU
	EndGlobalSection
	GlobalSection(SolutionProperties) = preSolution
		HideSolutionNode = FALSE
	EndGlobalSection
	GlobalSection(ExtensibilityGlobals) = postSolution
		SolutionGuid = {01A81DEE-013E-4BD1-ABF5-AB806F8E94EF}
	EndGlobalSection
EndGlobal
